
Microsoft Visual Studio Solution File, Format Version 12.00
# Visual Studio Version 17
VisualStudioVersion = 17.9.34902.65
MinimumVisualStudioVersion = 10.0.40219.1
Project("{9A19103F-16F7-4668-BE54-9A1E7A4F7556}") = "ExtensionManager", "Loader\ExtensionManager.csproj", "{DA5B6D45-FEA3-4BEE-AE6D-AE83BFA506FE}"
EndProject
Project("{9A19103F-16F7-4668-BE54-9A1E7A4F7556}") = "ExtensionManager.Kernel", "Kernel\ExtensionManager.Kernel.csproj", "{0202ED24-22D9-4429-923A-B34744E70B45}"
EndProject
Project("{9A19103F-16F7-4668-BE54-9A1E7A4F7556}") = "zpixFont", "zpixFont\zpixFont.csproj", "{6F129115-2FD9-4E68-B245-659367CA6733}"
EndProject
Project("{9A19103F-16F7-4668-BE54-9A1E7A4F7556}") = "ExtensionManager.Assoc", "Assoc\ExtensionManager.Assoc.csproj", "{6CB63434-8DD2-4E43-9958-04DA4D48C2FB}"
EndProject
Global
	GlobalSection(SolutionConfigurationPlatforms) = preSolution
		Debug|Any CPU = Debug|Any CPU
		Release|Any CPU = Release|Any CPU
	EndGlobalSection
	GlobalSection(ProjectConfigurationPlatforms) = postSolution
		{DA5B6D45-FEA3-4BEE-AE6D-AE83BFA506FE}.Debug|Any CPU.ActiveCfg = Debug|Any CPU
		{DA5B6D45-FEA3-4BEE-AE6D-AE83BFA506FE}.Debug|Any CPU.Build.0 = Debug|Any CPU
		{DA5B6D45-FEA3-4BEE-AE6D-AE83BFA506FE}.Release|Any CPU.ActiveCfg = Release|Any CPU
		{DA5B6D45-FEA3-4BEE-AE6D-AE83BFA506FE}.Release|Any CPU.Build.0 = Release|Any CPU
		{0202ED24-22D9-4429-923A-B34744E70B45}.Debug|Any CPU.ActiveCfg = Debug|Any CPU
		{0202ED24-22D9-4429-923A-B34744E70B45}.Debug|Any CPU.Build.0 = Debug|Any CPU
		{0202ED24-22D9-4429-923A-B34744E70B45}.Release|Any CPU.ActiveCfg = Release|Any CPU
		{0202ED24-22D9-4429-923A-B34744E70B45}.Release|Any CPU.Build.0 = Release|Any CPU
		{6F129115-2FD9-4E68-B245-659367CA6733}.Debug|Any CPU.ActiveCfg = Debug|Any CPU
		{6F129115-2FD9-4E68-B245-659367CA6733}.Debug|Any CPU.Build.0 = Debug|Any CPU
		{6F129115-2FD9-4E68-B245-659367CA6733}.Release|Any CPU.ActiveCfg = Release|Any CPU
		{6F129115-2FD9-4E68-B245-659367CA6733}.Release|Any CPU.Build.0 = Release|Any CPU
		{6CB63434-8DD2-4E43-9958-04DA4D48C2FB}.Debug|Any CPU.ActiveCfg = Debug|Any CPU
		{6CB63434-8DD2-4E43-9958-04DA4D48C2FB}.Debug|Any CPU.Build.0 = Debug|Any CPU
		{6CB63434-8DD2-4E43-9958-04DA4D48C2FB}.Release|Any CPU.ActiveCfg = Release|Any CPU
		{6CB63434-8DD2-4E43-9958-04DA4D48C2FB}.Release|Any CPU.Build.0 = Release|Any CPU
	EndGlobalSection
	GlobalSection(SolutionProperties) = preSolution
		HideSolutionNode = FALSE
	EndGlobalSection
	GlobalSection(ExtensibilityGlobals) = postSolution
		SolutionGuid = {73B854C5-887D-47CA-ADBE-33C5755D2189}
	EndGlobalSection
EndGlobal
